
Microsoft Visual Studio Solution File, Format Version 12.00
# Visual Studio Version 17
VisualStudioVersion = 17.4.33110.190
MinimumVisualStudioVersion = 10.0.40219.1
Project("{FAE04EC0-301F-11D3-BF4B-00C04F79EFBC}") = "Calculadora.WinFormsApp", "Calculadora.WinFormsApp\Calculadora.WinFormsApp.csproj", "{C7E32403-CE38-421B-8E53-91F392DE5C87}"
EndProject
Global
	GlobalSection(SolutionConfigurationPlatforms) = preSolution
		Debug|Any CPU = Debug|Any CPU
		Release|Any CPU = Release|Any CPU
	EndGlobalSection
	GlobalSection(ProjectConfigurationPlatforms) = postSolution
		{C7E32403-CE38-421B-8E53-91F392DE5C87}.Debug|Any CPU.ActiveCfg = Debug|Any CPU
		{C7E32403-CE38-421B-8E53-91F392DE5C87}.Debug|Any CPU.Build.0 = Debug|Any CPU
		{C7E32403-CE38-421B-8E53-91F392DE5C87}.Release|Any CPU.ActiveCfg = Release|Any CPU
		{C7E32403-CE38-421B-8E53-91F392DE5C87}.Release|Any CPU.Build.0 = Release|Any CPU
	EndGlobalSection
	GlobalSection(SolutionProperties) = preSolution
		HideSolutionNode = FALSE
	EndGlobalSection
	GlobalSection(ExtensibilityGlobals) = postSolution
		SolutionGuid = {EF9B3B4E-AE15-46EE-AE35-D61DAD4A9739}
	EndGlobalSection
EndGlobal
